
Microsoft Visual Studio Solution File, Format Version 12.00
# Visual Studio Version 16
VisualStudioVersion = 16.0.31911.196
MinimumVisualStudioVersion = 10.0.40219.1
Project("{FAE04EC0-301F-11D3-BF4B-00C04F79EFBC}") = "GitMVC1", "GitMVC1\GitMVC1.csproj", "{DFFD8F65-A6E8-468F-9846-1EC2360F2D93}"
EndProject
Global
	GlobalSection(SolutionConfigurationPlatforms) = preSolution
		Debug|Any CPU = Debug|Any CPU
		Release|Any CPU = Release|Any CPU
	EndGlobalSection
	GlobalSection(ProjectConfigurationPlatforms) = postSolution
		{DFFD8F65-A6E8-468F-9846-1EC2360F2D93}.Debug|Any CPU.ActiveCfg = Debug|Any CPU
		{DFFD8F65-A6E8-468F-9846-1EC2360F2D93}.Debug|Any CPU.Build.0 = Debug|Any CPU
		{DFFD8F65-A6E8-468F-9846-1EC2360F2D93}.Release|Any CPU.ActiveCfg = Release|Any CPU
		{DFFD8F65-A6E8-468F-9846-1EC2360F2D93}.Release|Any CPU.Build.0 = Release|Any CPU
	EndGlobalSection
	GlobalSection(SolutionProperties) = preSolution
		HideSolutionNode = FALSE
	EndGlobalSection
	GlobalSection(ExtensibilityGlobals) = postSolution
		SolutionGuid = {E12F1BAA-F286-4601-8A79-F8C43508B1E4}
	EndGlobalSection
EndGlobal
